
Microsoft Visual Studio Solution File, Format Version 12.00
# Visual Studio Version 16
VisualStudioVersion = 16.0.30413.136
MinimumVisualStudioVersion = 10.0.40219.1
Project("{FAE04EC0-301F-11D3-BF4B-00C04F79EFBC}") = "FlyBiz", "FlyBiz\FlyBiz.csproj", "{5DD4D4A8-3B62-4063-86AE-3D0BC7D9FBBE}"
EndProject
Global
	GlobalSection(SolutionConfigurationPlatforms) = preSolution
		Debug|Any CPU = Debug|Any CPU
		Release|Any CPU = Release|Any CPU
	EndGlobalSection
	GlobalSection(ProjectConfigurationPlatforms) = postSolution
		{5DD4D4A8-3B62-4063-86AE-3D0BC7D9FBBE}.Debug|Any CPU.ActiveCfg = Debug|Any CPU
		{5DD4D4A8-3B62-4063-86AE-3D0BC7D9FBBE}.Debug|Any CPU.Build.0 = Debug|Any CPU
		{5DD4D4A8-3B62-4063-86AE-3D0BC7D9FBBE}.Release|Any CPU.ActiveCfg = Release|Any CPU
		{5DD4D4A8-3B62-4063-86AE-3D0BC7D9FBBE}.Release|Any CPU.Build.0 = Release|Any CPU
	EndGlobalSection
	GlobalSection(SolutionProperties) = preSolution
		HideSolutionNode = FALSE
	EndGlobalSection
	GlobalSection(ExtensibilityGlobals) = postSolution
		SolutionGuid = {65DC1237-72B3-4ED4-BC82-57B5B4714893}
	EndGlobalSection
EndGlobal
